# This file is automatically @generated by Cargo.
# It is not intended for manual editing.
[[package]]
name = "convert_case"
version = "0.4.0"
source = "registry+https://github.com/rust-lang/crates.io-index"

[[package]]
name = "derive_more"
version = "0.99.17"
dependencies = [
 "convert_case 0.4.0 (registry+https://github.com/rust-lang/crates.io-index)",
 "proc-macro2 1.0.36 (registry+https://github.com/rust-lang/crates.io-index)",
 "quote 1.0.14 (registry+https://github.com/rust-lang/crates.io-index)",
 "rustc_version 0.4.0 (registry+https://github.com/rust-lang/crates.io-index)",
 "rustversion 1.0.6 (registry+https://github.com/rust-lang/crates.io-index)",
 "syn 1.0.86 (registry+https://github.com/rust-lang/crates.io-index)",
 "unicode-xid 0.2.2 (registry+https://github.com/rust-lang/crates.io-index)",
]

[[package]]
name = "proc-macro2"
version = "1.0.36"
source = "registry+https://github.com/rust-lang/crates.io-index"
dependencies = [
 "unicode-xid 0.2.2 (registry+https://github.com/rust-lang/crates.io-index)",
]

[[package]]
name = "quote"
version = "1.0.14"
source = "registry+https://github.com/rust-lang/crates.io-index"
dependencies = [
 "proc-macro2 1.0.36 (registry+https://github.com/rust-lang/crates.io-index)",
]

[[package]]
name = "rustc_version"
version = "0.4.0"
source = "registry+https://github.com/rust-lang/crates.io-index"
dependencies = [
 "semver 1.0.4 (registry+https://github.com/rust-lang/crates.io-index)",
]

[[package]]
name = "rustversion"
version = "1.0.6"
source = "registry+https://github.com/rust-lang/crates.io-index"

[[package]]
name = "semver"
version = "1.0.4"
source = "registry+https://github.com/rust-lang/crates.io-index"

[[package]]
name = "syn"
version = "1.0.86"
source = "registry+https://github.com/rust-lang/crates.io-index"
dependencies = [
 "proc-macro2 1.0.36 (registry+https://github.com/rust-lang/crates.io-index)",
 "quote 1.0.14 (registry+https://github.com/rust-lang/crates.io-index)",
 "unicode-xid 0.2.2 (registry+https://github.com/rust-lang/crates.io-index)",
]

[[package]]
name = "unicode-xid"
version = "0.2.2"
source = "registry+https://github.com/rust-lang/crates.io-index"

[metadata]
"checksum convert_case 0.4.0 (registry+https://github.com/rust-lang/crates.io-index)" = "6245d59a3e82a7fc217c5828a6692dbc6dfb63a0c8c90495621f7b9d79704a0e"
"checksum proc-macro2 1.0.36 (registry+https://github.com/rust-lang/crates.io-index)" = "c7342d5883fbccae1cc37a2353b09c87c9b0f3afd73f5fb9bba687a1f733b029"
"checksum quote 1.0.14 (registry+https://github.com/rust-lang/crates.io-index)" = "47aa80447ce4daf1717500037052af176af5d38cc3e571d9ec1c7353fc10c87d"
"checksum rustc_version 0.4.0 (registry+https://github.com/rust-lang/crates.io-index)" = "bfa0f585226d2e68097d4f95d113b15b83a82e819ab25717ec0590d9584ef366"
"checksum rustversion 1.0.6 (registry+https://github.com/rust-lang/crates.io-index)" = "f2cc38e8fa666e2de3c4aba7edeb5ffc5246c1c2ed0e3d17e560aeeba736b23f"
"checksum semver 1.0.4 (registry+https://github.com/rust-lang/crates.io-index)" = "568a8e6258aa33c13358f81fd834adb854c6f7c9468520910a9b1e8fac068012"
"checksum syn 1.0.86 (registry+https://github.com/rust-lang/crates.io-index)" = "8a65b3f4ffa0092e9887669db0eae07941f023991ab58ea44da8fe8e2d511c6b"
"checksum unicode-xid 0.2.2 (registry+https://github.com/rust-lang/crates.io-index)" = "8ccb82d61f80a663efe1f787a51b16b5a51e3314d6ac365b08639f52387b33f3"
